// !$*UTF8*$!
{
	archiveVersion = 1;
	classes = {
	};
	objectVersion = 55;
	objects = {

/* Begin PBXBuildFile section */
		8401AFC6286CD06F000B50B3 /* GoogleService-Info.plist in Resources */ = {isa = PBXBuildFile; fileRef = 8401AFC5286CD06F000B50B3 /* GoogleService-Info.plist */; };
		8401AFC9286CD341000B50B3 /* FirebaseAnalytics in Frameworks */ = {isa = PBXBuildFile; productRef = 8401AFC8286CD341000B50B3 /* FirebaseAnalytics */; };
		8401AFCB286CD341000B50B3 /* FirebaseDatabase in Frameworks */ = {isa = PBXBuildFile; productRef = 8401AFCA286CD341000B50B3 /* FirebaseDatabase */; };
		8401AFCD286CD341000B50B3 /* FirebaseFirestore in Frameworks */ = {isa = PBXBuildFile; productRef = 8401AFCC286CD341000B50B3 /* FirebaseFirestore */; };
		8401AFCF286CD341000B50B3 /* FirebaseStorage in Frameworks */ = {isa = PBXBuildFile; productRef = 8401AFCE286CD341000B50B3 /* FirebaseStorage */; };
		8401AFD1286DD315000B50B3 /* FeedTableViewCell.swift in Sources */ = {isa = PBXBuildFile; fileRef = 8401AFD0286DD315000B50B3 /* FeedTableViewCell.swift */; };
		8401AFD4286E1FA6000B50B3 /* Post.swift in Sources */ = {isa = PBXBuildFile; fileRef = 8401AFD3286E1FA6000B50B3 /* Post.swift */; };
		84135548284BA1B400DECC84 /* HeaderView.swift in Sources */ = {isa = PBXBuildFile; fileRef = 84135547284BA1B400DECC84 /* HeaderView.swift */; };
		8413554A284BA1E600DECC84 /* HeaderView.xib in Resources */ = {isa = PBXBuildFile; fileRef = 84135549284BA1E600DECC84 /* HeaderView.xib */; };
		843184CA28578DCB009D203D /* APIManager.swift in Sources */ = {isa = PBXBuildFile; fileRef = 843184C928578DCB009D203D /* APIManager.swift */; };
		84452AAE2847D04C00BA848D /* FeedViewController.swift in Sources */ = {isa = PBXBuildFile; fileRef = 84452AAD2847D04C00BA848D /* FeedViewController.swift */; };
		84452AB02847D05700BA848D /* SearchViewController.swift in Sources */ = {isa = PBXBuildFile; fileRef = 84452AAF2847D05700BA848D /* SearchViewController.swift */; };
		84452AB22847D06200BA848D /* ChatViewController.swift in Sources */ = {isa = PBXBuildFile; fileRef = 84452AB12847D06200BA848D /* ChatViewController.swift */; };
		84452AB42847D06F00BA848D /* NotificationsViewController.swift in Sources */ = {isa = PBXBuildFile; fileRef = 84452AB32847D06F00BA848D /* NotificationsViewController.swift */; };
		84452AB62847D07A00BA848D /* ProfileViewController.swift in Sources */ = {isa = PBXBuildFile; fileRef = 84452AB52847D07A00BA848D /* ProfileViewController.swift */; };
		84452AB82847D87B00BA848D /* ProfileTableViewCell.swift in Sources */ = {isa = PBXBuildFile; fileRef = 84452AB72847D87B00BA848D /* ProfileTableViewCell.swift */; };
		84EC8069284291A3006F6AA7 /* AppDelegate.swift in Sources */ = {isa = PBXBuildFile; fileRef = 84EC8068284291A3006F6AA7 /* AppDelegate.swift */; };
		84EC806B284291A3006F6AA7 /* SceneDelegate.swift in Sources */ = {isa = PBXBuildFile; fileRef = 84EC806A284291A3006F6AA7 /* SceneDelegate.swift */; };
		84EC806D284291A3006F6AA7 /* ViewController.swift in Sources */ = {isa = PBXBuildFile; fileRef = 84EC806C284291A3006F6AA7 /* ViewController.swift */; };
		84EC8070284291A3006F6AA7 /* Main.storyboard in Resources */ = {isa = PBXBuildFile; fileRef = 84EC806E284291A3006F6AA7 /* Main.storyboard */; };
		84EC8072284291A5006F6AA7 /* Assets.xcassets in Resources */ = {isa = PBXBuildFile; fileRef = 84EC8071284291A5006F6AA7 /* Assets.xcassets */; };
		84EC8075284291A5006F6AA7 /* LaunchScreen.storyboard in Resources */ = {isa = PBXBuildFile; fileRef = 84EC8073284291A5006F6AA7 /* LaunchScreen.storyboard */; };
		84EC80802842930A006F6AA7 /* TabBar.storyboard in Resources */ = {isa = PBXBuildFile; fileRef = 84EC807F2842930A006F6AA7 /* TabBar.storyboard */; };
		84EC8082284295C5006F6AA7 /* TabBarController.swift in Sources */ = {isa = PBXBuildFile; fileRef = 84EC8081284295C5006F6AA7 /* TabBarController.swift */; };
/* End PBXBuildFile section */

/* Begin PBXFileReference section */
		8401AFC5286CD06F000B50B3 /* GoogleService-Info.plist */ = {isa = PBXFileReference; fileEncoding = 4; lastKnownFileType = text.plist.xml; path = "GoogleService-Info.plist"; sourceTree = "<group>"; };
		8401AFD0286DD315000B50B3 /* FeedTableViewCell.swift */ = {isa = PBXFileReference; lastKnownFileType = sourcecode.swift; path = FeedTableViewCell.swift; sourceTree = "<group>"; };
		8401AFD3286E1FA6000B50B3 /* Post.swift */ = {isa = PBXFileReference; lastKnownFileType = sourcecode.swift; path = Post.swift; sourceTree = "<group>"; };
		84135547284BA1B400DECC84 /* HeaderView.swift */ = {isa = PBXFileReference; lastKnownFileType = sourcecode.swift; path = HeaderView.swift; sourceTree = "<group>"; };
		84135549284BA1E600DECC84 /* HeaderView.xib */ = {isa = PBXFileReference; lastKnownFileType = file.xib; path = HeaderView.xib; sourceTree = "<group>"; };
		843184C928578DCB009D203D /* APIManager.swift */ = {isa = PBXFileReference; lastKnownFileType = sourcecode.swift; path = APIManager.swift; sourceTree = "<group>"; };
		84452AAD2847D04C00BA848D /* FeedViewController.swift */ = {isa = PBXFileReference; lastKnownFileType = sourcecode.swift; path = FeedViewController.swift; sourceTree = "<group>"; };
		84452AAF2847D05700BA848D /* SearchViewController.swift */ = {isa = PBXFileReference; lastKnownFileType = sourcecode.swift; path = SearchViewController.swift; sourceTree = "<group>"; };
		84452AB12847D06200BA848D /* ChatViewController.swift */ = {isa = PBXFileReference; lastKnownFileType = sourcecode.swift; path = ChatViewController.swift; sourceTree = "<group>"; };
		84452AB32847D06F00BA848D /* NotificationsViewController.swift */ = {isa = PBXFileReference; lastKnownFileType = sourcecode.swift; path = NotificationsViewController.swift; sourceTree = "<group>"; };
		84452AB52847D07A00BA848D /* ProfileViewController.swift */ = {isa = PBXFileReference; lastKnownFileType = sourcecode.swift; path = ProfileViewController.swift; sourceTree = "<group>"; };
		84452AB72847D87B00BA848D /* ProfileTableViewCell.swift */ = {isa = PBXFileReference; lastKnownFileType = sourcecode.swift; path = ProfileTableViewCell.swift; sourceTree = "<group>"; };
		84EC8065284291A3006F6AA7 /* vk.app */ = {isa = PBXFileReference; explicitFileType = wrapper.application; includeInIndex = 0; path = vk.app; sourceTree = BUILT_PRODUCTS_DIR; };
		84EC8068284291A3006F6AA7 /* AppDelegate.swift */ = {isa = PBXFileReference; lastKnownFileType = sourcecode.swift; path = AppDelegate.swift; sourceTree = "<group>"; };
		84EC806A284291A3006F6AA7 /* SceneDelegate.swift */ = {isa = PBXFileReference; lastKnownFileType = sourcecode.swift; path = SceneDelegate.swift; sourceTree = "<group>"; };
		84EC806C284291A3006F6AA7 /* ViewController.swift */ = {isa = PBXFileReference; lastKnownFileType = sourcecode.swift; path = ViewController.swift; sourceTree = "<group>"; };
		84EC806F284291A3006F6AA7 /* Base */ = {isa = PBXFileReference; lastKnownFileType = file.storyboard; name = Base; path = Base.lproj/Main.storyboard; sourceTree = "<group>"; };
		84EC8071284291A5006F6AA7 /* Assets.xcassets */ = {isa = PBXFileReference; lastKnownFileType = folder.assetcatalog; path = Assets.xcassets; sourceTree = "<group>"; };
		84EC8074284291A5006F6AA7 /* Base */ = {isa = PBXFileReference; lastKnownFileType = file.storyboard; name = Base; path = Base.lproj/LaunchScreen.storyboard; sourceTree = "<group>"; };
		84EC8076284291A5006F6AA7 /* Info.plist */ = {isa = PBXFileReference; lastKnownFileType = text.plist.xml; path = Info.plist; sourceTree = "<group>"; };
		84EC807F2842930A006F6AA7 /* TabBar.storyboard */ = {isa = PBXFileReference; lastKnownFileType = file.storyboard; path = TabBar.storyboard; sourceTree = "<group>"; };
		84EC8081284295C5006F6AA7 /* TabBarController.swift */ = {isa = PBXFileReference; lastKnownFileType = sourcecode.swift; path = TabBarController.swift; sourceTree = "<group>"; };
/* End PBXFileReference section */

/* Begin PBXFrameworksBuildPhase section */
		84EC8062284291A3006F6AA7 /* Frameworks */ = {
			isa = PBXFrameworksBuildPhase;
			buildActionMask = 2147483647;
			files = (
				8401AFCB286CD341000B50B3 /* FirebaseDatabase in Frameworks */,
				8401AFCF286CD341000B50B3 /* FirebaseStorage in Frameworks */,
				8401AFC9286CD341000B50B3 /* FirebaseAnalytics in Frameworks */,
				8401AFCD286CD341000B50B3 /* FirebaseFirestore in Frameworks */,
			);
			runOnlyForDeploymentPostprocessing = 0;
		};
/* End PBXFrameworksBuildPhase section */

/* Begin PBXGroup section */
		8401AFD2286E1F89000B50B3 /* Model */ = {
			isa = PBXGroup;
			children = (
				8401AFD3286E1FA6000B50B3 /* Post.swift */,
			);
			path = Model;
			sourceTree = "<group>";
		};
		8401AFD5286E1FD1000B50B3 /* Service */ = {
			isa = PBXGroup;
			children = (
				843184C928578DCB009D203D /* APIManager.swift */,
			);
			path = Service;
			sourceTree = "<group>";
		};
		8401AFD6286E209F000B50B3 /* Menu */ = {
			isa = PBXGroup;
			children = (
			);
			path = Menu;
			sourceTree = "<group>";
		};
		84135546284BA19000DECC84 /* Header */ = {
			isa = PBXGroup;
			children = (
				84135549284BA1E600DECC84 /* HeaderView.xib */,
				84135547284BA1B400DECC84 /* HeaderView.swift */,
			);
			path = Header;
			sourceTree = "<group>";
		};
		84452AA82847CD3200BA848D /* Home */ = {
			isa = PBXGroup;
			children = (
				84452AAD2847D04C00BA848D /* FeedViewController.swift */,
				8401AFD0286DD315000B50B3 /* FeedTableViewCell.swift */,
			);
			path = Home;
			sourceTree = "<group>";
		};
		84452AA92847CD3A00BA848D /* Hub */ = {
			isa = PBXGroup;
			children = (
				84452AAF2847D05700BA848D /* SearchViewController.swift */,
			);
			path = Hub;
			sourceTree = "<group>";
		};
		84452AAA2847CD4200BA848D /* Messenger */ = {
			isa = PBXGroup;
			children = (
				84452AB12847D06200BA848D /* ChatViewController.swift */,
			);
			path = Messenger;
			sourceTree = "<group>";
		};
		84452AAB2847CD4C00BA848D /* Clips */ = {
			isa = PBXGroup;
			children = (
				84452AB32847D06F00BA848D /* NotificationsViewController.swift */,
			);
			path = Clips;
			sourceTree = "<group>";
		};
		84452AAC2847CD5600BA848D /* Videos */ = {
			isa = PBXGroup;
			children = (
				84135546284BA19000DECC84 /* Header */,
				84452AB52847D07A00BA848D /* ProfileViewController.swift */,
				84452AB72847D87B00BA848D /* ProfileTableViewCell.swift */,
			);
			path = Videos;
			sourceTree = "<group>";
		};
		84EC805C284291A3006F6AA7 = {
			isa = PBXGroup;
			children = (
				84EC8067284291A3006F6AA7 /* vk */,
				84EC8066284291A3006F6AA7 /* Products */,
			);
			sourceTree = "<group>";
		};
		84EC8066284291A3006F6AA7 /* Products */ = {
			isa = PBXGroup;
			children = (
				84EC8065284291A3006F6AA7 /* vk.app */,
			);
			name = Products;
			sourceTree = "<group>";
		};
		84EC8067284291A3006F6AA7 /* vk */ = {
			isa = PBXGroup;
			children = (
				84EC807C284291C8006F6AA7 /* App */,
				8401AFD5286E1FD1000B50B3 /* Service */,
				8401AFD2286E1F89000B50B3 /* Model */,
				84EC8071284291A5006F6AA7 /* Assets.xcassets */,
				84EC8076284291A5006F6AA7 /* Info.plist */,
				8401AFC5286CD06F000B50B3 /* GoogleService-Info.plist */,
			);
			path = vk;
			sourceTree = "<group>";
		};
		84EC807C284291C8006F6AA7 /* App */ = {
			isa = PBXGroup;
			children = (
				84EC807D284291DC006F6AA7 /* Main */,
				84EC807E284292EF006F6AA7 /* TabBar */,
				8401AFD6286E209F000B50B3 /* Menu */,
				84452AA82847CD3200BA848D /* Home */,
				84452AA92847CD3A00BA848D /* Hub */,
				84452AAA2847CD4200BA848D /* Messenger */,
				84452AAB2847CD4C00BA848D /* Clips */,
				84452AAC2847CD5600BA848D /* Videos */,
				84EC8068284291A3006F6AA7 /* AppDelegate.swift */,
				84EC806A284291A3006F6AA7 /* SceneDelegate.swift */,
			);
			path = App;
			sourceTree = "<group>";
		};
		84EC807D284291DC006F6AA7 /* Main */ = {
			isa = PBXGroup;
			children = (
				84EC8073284291A5006F6AA7 /* LaunchScreen.storyboard */,
				84EC806E284291A3006F6AA7 /* Main.storyboard */,
				84EC806C284291A3006F6AA7 /* ViewController.swift */,
			);
			path = Main;
			sourceTree = "<group>";
		};
		84EC807E284292EF006F6AA7 /* TabBar */ = {
			isa = PBXGroup;
			children = (
				84EC807F2842930A006F6AA7 /* TabBar.storyboard */,
				84EC8081284295C5006F6AA7 /* TabBarController.swift */,
			);
			path = TabBar;
			sourceTree = "<group>";
		};
/* End PBXGroup section */

/* Begin PBXNativeTarget section */
		84EC8064284291A3006F6AA7 /* vk */ = {
			isa = PBXNativeTarget;
			buildConfigurationList = 84EC8079284291A5006F6AA7 /* Build configuration list for PBXNativeTarget "vk" */;
			buildPhases = (
				84EC8061284291A3006F6AA7 /* Sources */,
				84EC8062284291A3006F6AA7 /* Frameworks */,
				84EC8063284291A3006F6AA7 /* Resources */,
			);
			buildRules = (
			);
			dependencies = (
			);
			name = vk;
			packageProductDependencies = (
				8401AFC8286CD341000B50B3 /* FirebaseAnalytics */,
				8401AFCA286CD341000B50B3 /* FirebaseDatabase */,
				8401AFCC286CD341000B50B3 /* FirebaseFirestore */,
				8401AFCE286CD341000B50B3 /* FirebaseStorage */,
			);
			productName = vk;
			productReference = 84EC8065284291A3006F6AA7 /* vk.app */;
			productType = "com.apple.product-type.application";
		};
/* End PBXNativeTarget section */

/* Begin PBXProject section */
		84EC805D284291A3006F6AA7 /* Project object */ = {
			isa = PBXProject;
			attributes = {
				BuildIndependentTargetsInParallel = 1;
				LastSwiftUpdateCheck = 1320;
				LastUpgradeCheck = 1320;
				TargetAttributes = {
					84EC8064284291A3006F6AA7 = {
						CreatedOnToolsVersion = 13.2.1;
					};
				};
			};
			buildConfigurationList = 84EC8060284291A3006F6AA7 /* Build configuration list for PBXProject "vk" */;
			compatibilityVersion = "Xcode 13.0";
			developmentRegion = en;
			hasScannedForEncodings = 0;
			knownRegions = (
				en,
				Base,
			);
			mainGroup = 84EC805C284291A3006F6AA7;
			packageReferences = (
				8401AFC7286CD341000B50B3 /* XCRemoteSwiftPackageReference "firebase-ios-sdk" */,
			);
			productRefGroup = 84EC8066284291A3006F6AA7 /* Products */;
			projectDirPath = "";
			projectRoot = "";
			targets = (
				84EC8064284291A3006F6AA7 /* vk */,
			);
		};
/* End PBXProject section */

/* Begin PBXResourcesBuildPhase section */
		84EC8063284291A3006F6AA7 /* Resources */ = {
			isa = PBXResourcesBuildPhase;
			buildActionMask = 2147483647;
			files = (
				84EC80802842930A006F6AA7 /* TabBar.storyboard in Resources */,
				8413554A284BA1E600DECC84 /* HeaderView.xib in Resources */,
				84EC8075284291A5006F6AA7 /* LaunchScreen.storyboard in Resources */,
				84EC8072284291A5006F6AA7 /* Assets.xcassets in Resources */,
				84EC8070284291A3006F6AA7 /* Main.storyboard in Resources */,
				8401AFC6286CD06F000B50B3 /* GoogleService-Info.plist in Resources */,
			);
			runOnlyForDeploymentPostprocessing = 0;
		};
/* End PBXResourcesBuildPhase section */

/* Begin PBXSourcesBuildPhase section */
		84EC8061284291A3006F6AA7 /* Sources */ = {
			isa = PBXSourcesBuildPhase;
			buildActionMask = 2147483647;
			files = (
				843184CA28578DCB009D203D /* APIManager.swift in Sources */,
				84452AB02847D05700BA848D /* SearchViewController.swift in Sources */,
				84EC806D284291A3006F6AA7 /* ViewController.swift in Sources */,
				84EC8082284295C5006F6AA7 /* TabBarController.swift in Sources */,
				84452AB82847D87B00BA848D /* ProfileTableViewCell.swift in Sources */,
				8401AFD4286E1FA6000B50B3 /* Post.swift in Sources */,
				8401AFD1286DD315000B50B3 /* FeedTableViewCell.swift in Sources */,
				84452AB22847D06200BA848D /* ChatViewController.swift in Sources */,
				84452AAE2847D04C00BA848D /* FeedViewController.swift in Sources */,
				84EC8069284291A3006F6AA7 /* AppDelegate.swift in Sources */,
				84135548284BA1B400DECC84 /* HeaderView.swift in Sources */,
				84452AB62847D07A00BA848D /* ProfileViewController.swift in Sources */,
				84EC806B284291A3006F6AA7 /* SceneDelegate.swift in Sources */,
				84452AB42847D06F00BA848D /* NotificationsViewController.swift in Sources */,
			);
			runOnlyForDeploymentPostprocessing = 0;
		};
/* End PBXSourcesBuildPhase section */

/* Begin PBXVariantGroup section */
		84EC806E284291A3006F6AA7 /* Main.storyboard */ = {
			isa = PBXVariantGroup;
			children = (
				84EC806F284291A3006F6AA7 /* Base */,
			);
			name = Main.storyboard;
			sourceTree = "<group>";
		};
		84EC8073284291A5006F6AA7 /* LaunchScreen.storyboard */ = {
			isa = PBXVariantGroup;
			children = (
				84EC8074284291A5006F6AA7 /* Base */,
			);
			name = LaunchScreen.storyboard;
			sourceTree = "<group>";
		};
/* End PBXVariantGroup section */

/* Begin XCBuildConfiguration section */
		84EC8077284291A5006F6AA7 /* Debug */ = {
			isa = XCBuildConfiguration;
			buildSettings = {
				ALWAYS_SEARCH_USER_PATHS = NO;
				CLANG_ANALYZER_NONNULL = YES;
				CLANG_ANALYZER_NUMBER_OBJECT_CONVERSION = YES_AGGRESSIVE;
				CLANG_CXX_LANGUAGE_STANDARD = "gnu++17";
				CLANG_CXX_LIBRARY = "libc++";
				CLANG_ENABLE_MODULES = YES;
				CLANG_ENABLE_OBJC_ARC = YES;
				CLANG_ENABLE_OBJC_WEAK = YES;
				CLANG_WARN_BLOCK_CAPTURE_AUTORELEASING = YES;
				CLANG_WARN_BOOL_CONVERSION = YES;
				CLANG_WARN_COMMA = YES;
				CLANG_WARN_CONSTANT_CONVERSION = YES;
				CLANG_WARN_DEPRECATED_OBJC_IMPLEMENTATIONS = YES;
				CLANG_WARN_DIRECT_OBJC_ISA_USAGE = YES_ERROR;
				CLANG_WARN_DOCUMENTATION_COMMENTS = YES;
				CLANG_WARN_EMPTY_BODY = YES;
				CLANG_WARN_ENUM_CONVERSION = YES;
				CLANG_WARN_INFINITE_RECURSION = YES;
				CLANG_WARN_INT_CONVERSION = YES;
				CLANG_WARN_NON_LITERAL_NULL_CONVERSION = YES;
				CLANG_WARN_OBJC_IMPLICIT_RETAIN_SELF = YES;
				CLANG_WARN_OBJC_LITERAL_CONVERSION = YES;
				CLANG_WARN_OBJC_ROOT_CLASS = YES_ERROR;
				CLANG_WARN_QUOTED_INCLUDE_IN_FRAMEWORK_HEADER = YES;
				CLANG_WARN_RANGE_LOOP_ANALYSIS = YES;
				CLANG_WARN_STRICT_PROTOTYPES = YES;
				CLANG_WARN_SUSPICIOUS_MOVE = YES;
				CLANG_WARN_UNGUARDED_AVAILABILITY = YES_AGGRESSIVE;
				CLANG_WARN_UNREACHABLE_CODE = YES;
				CLANG_WARN__DUPLICATE_METHOD_MATCH = YES;
				COPY_PHASE_STRIP = NO;
				DEBUG_INFORMATION_FORMAT = dwarf;
				ENABLE_STRICT_OBJC_MSGSEND = YES;
				ENABLE_TESTABILITY = YES;
				GCC_C_LANGUAGE_STANDARD = gnu11;
				GCC_DYNAMIC_NO_PIC = NO;
				GCC_NO_COMMON_BLOCKS = YES;
				GCC_OPTIMIZATION_LEVEL = 0;
				GCC_PREPROCESSOR_DEFINITIONS = (
					"DEBUG=1",
					"$(inherited)",
				);
				GCC_WARN_64_TO_32_BIT_CONVERSION = YES;
				GCC_WARN_ABOUT_RETURN_TYPE = YES_ERROR;
				GCC_WARN_UNDECLARED_SELECTOR = YES;
				GCC_WARN_UNINITIALIZED_AUTOS = YES_AGGRESSIVE;
				GCC_WARN_UNUSED_FUNCTION = YES;
				GCC_WARN_UNUSED_VARIABLE = YES;
				IPHONEOS_DEPLOYMENT_TARGET = 15.2;
				MTL_ENABLE_DEBUG_INFO = INCLUDE_SOURCE;
				MTL_FAST_MATH = YES;
				ONLY_ACTIVE_ARCH = YES;
				SDKROOT = iphoneos;
				SWIFT_ACTIVE_COMPILATION_CONDITIONS = DEBUG;
				SWIFT_OPTIMIZATION_LEVEL = "-Onone";
			};
			name = Debug;
		};
		84EC8078284291A5006F6AA7 /* Release */ = {
			isa = XCBuildConfiguration;
			buildSettings = {
				ALWAYS_SEARCH_USER_PATHS = NO;
				CLANG_ANALYZER_NONNULL = YES;
				CLANG_ANALYZER_NUMBER_OBJECT_CONVERSION = YES_AGGRESSIVE;
				CLANG_CXX_LANGUAGE_STANDARD = "gnu++17";
				CLANG_CXX_LIBRARY = "libc++";
				CLANG_ENABLE_MODULES = YES;
				CLANG_ENABLE_OBJC_ARC = YES;
				CLANG_ENABLE_OBJC_WEAK = YES;
				CLANG_WARN_BLOCK_CAPTURE_AUTORELEASING = YES;
				CLANG_WARN_BOOL_CONVERSION = YES;
				CLANG_WARN_COMMA = YES;
				CLANG_WARN_CONSTANT_CONVERSION = YES;
				CLANG_WARN_DEPRECATED_OBJC_IMPLEMENTATIONS = YES;
				CLANG_WARN_DIRECT_OBJC_ISA_USAGE = YES_ERROR;
				CLANG_WARN_DOCUMENTATION_COMMENTS = YES;
				CLANG_WARN_EMPTY_BODY = YES;
				CLANG_WARN_ENUM_CONVERSION = YES;
				CLANG_WARN_INFINITE_RECURSION = YES;
				CLANG_WARN_INT_CONVERSION = YES;
				CLANG_WARN_NON_LITERAL_NULL_CONVERSION = YES;
				CLANG_WARN_OBJC_IMPLICIT_RETAIN_SELF = YES;
				CLANG_WARN_OBJC_LITERAL_CONVERSION = YES;
				CLANG_WARN_OBJC_ROOT_CLASS = YES_ERROR;
				CLANG_WARN_QUOTED_INCLUDE_IN_FRAMEWORK_HEADER = YES;
				CLANG_WARN_RANGE_LOOP_ANALYSIS = YES;
				CLANG_WARN_STRICT_PROTOTYPES = YES;
				CLANG_WARN_SUSPICIOUS_MOVE = YES;
				CLANG_WARN_UNGUARDED_AVAILABILITY = YES_AGGRESSIVE;
				CLANG_WARN_UNREACHABLE_CODE = YES;
				CLANG_WARN__DUPLICATE_METHOD_MATCH = YES;
				COPY_PHASE_STRIP = NO;
				DEBUG_INFORMATION_FORMAT = "dwarf-with-dsym";
				ENABLE_NS_ASSERTIONS = NO;
				ENABLE_STRICT_OBJC_MSGSEND = YES;
				GCC_C_LANGUAGE_STANDARD = gnu11;
				GCC_NO_COMMON_BLOCKS = YES;
				GCC_WARN_64_TO_32_BIT_CONVERSION = YES;
				GCC_WARN_ABOUT_RETURN_TYPE = YES_ERROR;
				GCC_WARN_UNDECLARED_SELECTOR = YES;
				GCC_WARN_UNINITIALIZED_AUTOS = YES_AGGRESSIVE;
				GCC_WARN_UNUSED_FUNCTION = YES;
				GCC_WARN_UNUSED_VARIABLE = YES;
				IPHONEOS_DEPLOYMENT_TARGET = 15.2;
				MTL_ENABLE_DEBUG_INFO = NO;
				MTL_FAST_MATH = YES;
				SDKROOT = iphoneos;
				SWIFT_COMPILATION_MODE = wholemodule;
				SWIFT_OPTIMIZATION_LEVEL = "-O";
				VALIDATE_PRODUCT = YES;
			};
			name = Release;
		};
		84EC807A284291A5006F6AA7 /* Debug */ = {
			isa = XCBuildConfiguration;
			buildSettings = {
				ASSETCATALOG_COMPILER_APPICON_NAME = AppIcon;
				ASSETCATALOG_COMPILER_GLOBAL_ACCENT_COLOR_NAME = AccentColor;
				CODE_SIGN_STYLE = Automatic;
				CURRENT_PROJECT_VERSION = 1;
				DEVELOPMENT_TEAM = 7HBA82XQ29;
				GENERATE_INFOPLIST_FILE = YES;
				INFOPLIST_FILE = vk/Info.plist;
				INFOPLIST_KEY_UIApplicationSupportsIndirectInputEvents = YES;
				INFOPLIST_KEY_UILaunchStoryboardName = LaunchScreen;
				INFOPLIST_KEY_UIMainStoryboardFile = Main;
				INFOPLIST_KEY_UISupportedInterfaceOrientations_iPad = "UIInterfaceOrientationPortrait UIInterfaceOrientationPortraitUpsideDown UIInterfaceOrientationLandscapeLeft UIInterfaceOrientationLandscapeRight";
				INFOPLIST_KEY_UISupportedInterfaceOrientations_iPhone = "UIInterfaceOrientationPortrait UIInterfaceOrientationLandscapeLeft UIInterfaceOrientationLandscapeRight";
				LD_RUNPATH_SEARCH_PATHS = (
					"$(inherited)",
					"@executable_path/Frameworks",
				);
				MARKETING_VERSION = 1.0;
				PRODUCT_BUNDLE_IDENTIFIER = packovv.vk;
				PRODUCT_NAME = "$(TARGET_NAME)";
				SWIFT_EMIT_LOC_STRINGS = YES;
				SWIFT_VERSION = 5.0;
				TARGETED_DEVICE_FAMILY = "1,2";
			};
			name = Debug;
		};
		84EC807B284291A5006F6AA7 /* Release */ = {
			isa = XCBuildConfiguration;
			buildSettings = {
				ASSETCATALOG_COMPILER_APPICON_NAME = AppIcon;
				ASSETCATALOG_COMPILER_GLOBAL_ACCENT_COLOR_NAME = AccentColor;
				CODE_SIGN_STYLE = Automatic;
				CURRENT_PROJECT_VERSION = 1;
				DEVELOPMENT_TEAM = 7HBA82XQ29;
				GENERATE_INFOPLIST_FILE = YES;
				INFOPLIST_FILE = vk/Info.plist;
				INFOPLIST_KEY_UIApplicationSupportsIndirectInputEvents = YES;
				INFOPLIST_KEY_UILaunchStoryboardName = LaunchScreen;
				INFOPLIST_KEY_UIMainStoryboardFile = Main;
				INFOPLIST_KEY_UISupportedInterfaceOrientations_iPad = "UIInterfaceOrientationPortrait UIInterfaceOrientationPortraitUpsideDown UIInterfaceOrientationLandscapeLeft UIInterfaceOrientationLandscapeRight";
				INFOPLIST_KEY_UISupportedInterfaceOrientations_iPhone = "UIInterfaceOrientationPortrait UIInterfaceOrientationLandscapeLeft UIInterfaceOrientationLandscapeRight";
				LD_RUNPATH_SEARCH_PATHS = (
					"$(inherited)",
					"@executable_path/Frameworks",
				);
				MARKETING_VERSION = 1.0;
				PRODUCT_BUNDLE_IDENTIFIER = packovv.vk;
				PRODUCT_NAME = "$(TARGET_NAME)";
				SWIFT_EMIT_LOC_STRINGS = YES;
				SWIFT_VERSION = 5.0;
				TARGETED_DEVICE_FAMILY = "1,2";
			};
			name = Release;
		};
/* End XCBuildConfiguration section */

/* Begin XCConfigurationList section */
		84EC8060284291A3006F6AA7 /* Build configuration list for PBXProject "vk" */ = {
			isa = XCConfigurationList;
			buildConfigurations = (
				84EC8077284291A5006F6AA7 /* Debug */,
				84EC8078284291A5006F6AA7 /* Release */,
			);
			defaultConfigurationIsVisible = 0;
			defaultConfigurationName = Release;
		};
		84EC8079284291A5006F6AA7 /* Build configuration list for PBXNativeTarget "vk" */ = {
			isa = XCConfigurationList;
			buildConfigurations = (
				84EC807A284291A5006F6AA7 /* Debug */,
				84EC807B284291A5006F6AA7 /* Release */,
			);
			defaultConfigurationIsVisible = 0;
			defaultConfigurationName = Release;
		};
/* End XCConfigurationList section */

/* Begin XCRemoteSwiftPackageReference section */
		8401AFC7286CD341000B50B3 /* XCRemoteSwiftPackageReference "firebase-ios-sdk" */ = {
			isa = XCRemoteSwiftPackageReference;
			repositoryURL = "https://github.com/firebase/firebase-ios-sdk";
			requirement = {
				kind = upToNextMajorVersion;
				minimumVersion = 9.0.0;
			};
		};
/* End XCRemoteSwiftPackageReference section */

/* Begin XCSwiftPackageProductDependency section */
		8401AFC8286CD341000B50B3 /* FirebaseAnalytics */ = {
			isa = XCSwiftPackageProductDependency;
			package = 8401AFC7286CD341000B50B3 /* XCRemoteSwiftPackageReference "firebase-ios-sdk" */;
			productName = FirebaseAnalytics;
		};
		8401AFCA286CD341000B50B3 /* FirebaseDatabase */ = {
			isa = XCSwiftPackageProductDependency;
			package = 8401AFC7286CD341000B50B3 /* XCRemoteSwiftPackageReference "firebase-ios-sdk" */;
			productName = FirebaseDatabase;
		};
		8401AFCC286CD341000B50B3 /* FirebaseFirestore */ = {
			isa = XCSwiftPackageProductDependency;
			package = 8401AFC7286CD341000B50B3 /* XCRemoteSwiftPackageReference "firebase-ios-sdk" */;
			productName = FirebaseFirestore;
		};
		8401AFCE286CD341000B50B3 /* FirebaseStorage */ = {
			isa = XCSwiftPackageProductDependency;
			package = 8401AFC7286CD341000B50B3 /* XCRemoteSwiftPackageReference "firebase-ios-sdk" */;
			productName = FirebaseStorage;
		};
/* End XCSwiftPackageProductDependency section */
	};
	rootObject = 84EC805D284291A3006F6AA7 /* Project object */;
}
